<?xml version="1.0"?>
<Project ToolsVersion="4.0" xmlns="http://schemas.microsoft.com/developer/msbuild/2003">
	<ItemGroup>
		<ClCompile Include="src\ofApp.cpp">
			<Filter>src</Filter>
		</ClCompile>
		<ClCompile Include="src\main.cpp">
			<Filter>src</Filter>
		</ClCompile>
		<ClCompile Include="..\src\ofxGgmlCore.cpp">
			<Filter>addons\ofxGgml\src</Filter>
		</ClCompile>
		<ClCompile Include="..\src\ofxGgmlGraph.cpp">
			<Filter>addons\ofxGgml\src</Filter>
		</ClCompile>
		<ClCompile Include="..\src\ofxGgmlInference.cpp">
			<Filter>addons\ofxGgml\src</Filter>
		</ClCompile>
		<ClCompile Include="..\src\ofxGgmlModel.cpp">
			<Filter>addons\ofxGgml\src</Filter>
		</ClCompile>
		<ClCompile Include="..\src\ofxGgmlProjectMemory.cpp">
			<Filter>addons\ofxGgml\src</Filter>
		</ClCompile>
		<ClCompile Include="..\src\ofxGgmlScriptSource.cpp">
			<Filter>addons\ofxGgml\src</Filter>
		</ClCompile>
		<ClCompile Include="..\src\ofxGgmlTensor.cpp">
			<Filter>addons\ofxGgml\src</Filter>
		</ClCompile>
		<ClCompile Include="..\..\ofxImGui\src\BaseEngine.cpp">
			<Filter>addons\ofxImGui\src</Filter>
		</ClCompile>
		<ClCompile Include="..\..\ofxImGui\src\DefaultTheme.cpp">
			<Filter>addons\ofxImGui\src</Filter>
		</ClCompile>
		<ClCompile Include="..\..\ofxImGui\src\EngineGLFW.cpp">
			<Filter>addons\ofxImGui\src</Filter>
		</ClCompile>
		<ClCompile Include="..\..\ofxImGui\src\EngineOpenFrameworks.cpp">
			<Filter>addons\ofxImGui\src</Filter>
		</ClCompile>
		<ClCompile Include="..\..\ofxImGui\src\EngineOpenGLES.cpp">
			<Filter>addons\ofxImGui\src</Filter>
		</ClCompile>
		<ClCompile Include="..\..\ofxImGui\src\Gui.cpp">
			<Filter>addons\ofxImGui\src</Filter>
		</ClCompile>
		<ClCompile Include="..\..\ofxImGui\src\GuiEventHelper.cpp">
			<Filter>addons\ofxImGui\src</Filter>
		</ClCompile>
		<ClCompile Include="..\..\ofxImGui\src\ImHelpers.cpp">
			<Filter>addons\ofxImGui\src</Filter>
		</ClCompile>
		<ClCompile Include="..\..\ofxImGui\src\ofxImGuiLoggerChannel.cpp">
			<Filter>addons\ofxImGui\src</Filter>
		</ClCompile>
		<ClCompile Include="..\..\ofxImGui\libs\imgui\backends\imgui_impl_glfw.cpp">
			<Filter>addons\ofxImGui\libs\imgui\backends</Filter>
		</ClCompile>
		<ClCompile Include="..\..\ofxImGui\libs\imgui\backends\imgui_impl_glfw_context_support.cpp">
			<Filter>addons\ofxImGui\libs\imgui\backends</Filter>
		</ClCompile>
		<ClCompile Include="..\..\ofxImGui\libs\imgui\backends\imgui_impl_opengl2.cpp">
			<Filter>addons\ofxImGui\libs\imgui\backends</Filter>
		</ClCompile>
		<ClCompile Include="..\..\ofxImGui\libs\imgui\backends\imgui_impl_opengl3.cpp">
			<Filter>addons\ofxImGui\libs\imgui\backends</Filter>
		</ClCompile>
		<ClCompile Include="..\..\ofxImGui\libs\imgui\extras\imgui_stdlib.cpp">
			<Filter>addons\ofxImGui\libs\imgui\extras</Filter>
		</ClCompile>
		<ClCompile Include="..\..\ofxImGui\libs\imgui\src\imgui.cpp">
			<Filter>addons\ofxImGui\libs\imgui\src</Filter>
		</ClCompile>
		<ClCompile Include="..\..\ofxImGui\libs\imgui\src\imgui_demo.cpp">
			<Filter>addons\ofxImGui\libs\imgui\src</Filter>
		</ClCompile>
		<ClCompile Include="..\..\ofxImGui\libs\imgui\src\imgui_draw.cpp">
			<Filter>addons\ofxImGui\libs\imgui\src</Filter>
		</ClCompile>
		<ClCompile Include="..\..\ofxImGui\libs\imgui\src\imgui_tables.cpp">
			<Filter>addons\ofxImGui\libs\imgui\src</Filter>
		</ClCompile>
		<ClCompile Include="..\..\ofxImGui\libs\imgui\src\imgui_widgets.cpp">
			<Filter>addons\ofxImGui\libs\imgui\src</Filter>
		</ClCompile>
	</ItemGroup>
	<ItemGroup>
		<Filter Include="src">
			<UniqueIdentifier>{d8376475-7454-4a24-b08a-aac121d3ad6f}</UniqueIdentifier>
		</Filter>
		<Filter Include="addons">
			<UniqueIdentifier>{A50725A1--06F-0-45-11-9-665-B7D8C27F40ED}</UniqueIdentifier>
		</Filter>
		<Filter Include="addons\ofxGgml">
			<UniqueIdentifier>{E837D298--0F8-8-49-C7-8-4DC-64A16DF99E5B}</UniqueIdentifier>
		</Filter>
		<Filter Include="addons\ofxGgml\src">
			<UniqueIdentifier>{9890D6BA--2F1-B-48-83-A-232-883E208232BF}</UniqueIdentifier>
		</Filter>
		<Filter Include="addons\ofxGgml\libs">
			<UniqueIdentifier>{4E2498AF--B90-7-49-04-9-2C9-D5284A263781}</UniqueIdentifier>
		</Filter>
		<Filter Include="addons\ofxGgml\libs\ggml">
			<UniqueIdentifier>{2C1020B9--E0E-C-4E-94-9-FE6-A70C9B11B029}</UniqueIdentifier>
		</Filter>
		<Filter Include="addons\ofxGgml\libs\ggml\include">
			<UniqueIdentifier>{6D79D534--10E-A-46-D6-9-252-B4029DE9816A}</UniqueIdentifier>
		</Filter>
		<Filter Include="addons\ofxImGui">
			<UniqueIdentifier>{5966A261--81C-E-41-06-B-3D0-8E1C24BA0BDE}</UniqueIdentifier>
		</Filter>
		<Filter Include="addons\ofxImGui\src">
			<UniqueIdentifier>{D2768F95--2F2-C-4D-34-8-8F4-33C2D9393FC9}</UniqueIdentifier>
		</Filter>
		<Filter Include="addons\ofxImGui\libs">
			<UniqueIdentifier>{7E35E748--903-3-4A-2E-8-F66-F0887C330B4E}</UniqueIdentifier>
		</Filter>
		<Filter Include="addons\ofxImGui\libs\imgui">
			<UniqueIdentifier>{2F3A737B--CA5-D-4A-68-B-34C-3492D3786CE2}</UniqueIdentifier>
		</Filter>
		<Filter Include="addons\ofxImGui\libs\imgui\backends">
			<UniqueIdentifier>{3D242302--DEF-B-41-B8-9-460-9DB035F6F9D9}</UniqueIdentifier>
		</Filter>
		<Filter Include="addons\ofxImGui\libs\imgui\extras">
			<UniqueIdentifier>{D3DEC540--70A-B-4B-E6-B-D09-A6828587D712}</UniqueIdentifier>
		</Filter>
		<Filter Include="addons\ofxImGui\libs\imgui\src">
			<UniqueIdentifier>{B282BEC9--D01-7-4B-6C-8-001-2B1BC8D23F63}</UniqueIdentifier>
		</Filter>
	</ItemGroup>
	<ItemGroup>
		<ClInclude Include="src\ofApp.h">
			<Filter>src</Filter>
		</ClInclude>
		<ClInclude Include="..\src\ofxGgml.h">
			<Filter>addons\ofxGgml\src</Filter>
		</ClInclude>
		<ClInclude Include="..\src\ofxGgmlCore.h">
			<Filter>addons\ofxGgml\src</Filter>
		</ClInclude>
		<ClInclude Include="..\src\ofxGgmlGraph.h">
			<Filter>addons\ofxGgml\src</Filter>
		</ClInclude>
		<ClInclude Include="..\src\ofxGgmlHelpers.h">
			<Filter>addons\ofxGgml\src</Filter>
		</ClInclude>
		<ClInclude Include="..\src\ofxGgmlInference.h">
			<Filter>addons\ofxGgml\src</Filter>
		</ClInclude>
		<ClInclude Include="..\src\ofxGgmlModel.h">
			<Filter>addons\ofxGgml\src</Filter>
		</ClInclude>
		<ClInclude Include="..\src\ofxGgmlProjectMemory.h">
			<Filter>addons\ofxGgml\src</Filter>
		</ClInclude>
		<ClInclude Include="..\src\ofxGgmlResult.h">
			<Filter>addons\ofxGgml\src</Filter>
		</ClInclude>
		<ClInclude Include="..\src\ofxGgmlScriptSource.h">
			<Filter>addons\ofxGgml\src</Filter>
		</ClInclude>
		<ClInclude Include="..\src\ofxGgmlTensor.h">
			<Filter>addons\ofxGgml\src</Filter>
		</ClInclude>
		<ClInclude Include="..\src\ofxGgmlTypes.h">
			<Filter>addons\ofxGgml\src</Filter>
		</ClInclude>
		<ClInclude Include="..\src\ofxGgmlVersion.h">
			<Filter>addons\ofxGgml\src</Filter>
		</ClInclude>
		<ClInclude Include="..\libs\ggml\include\ggml-alloc.h">
			<Filter>addons\ofxGgml\libs\ggml\include</Filter>
		</ClInclude>
		<ClInclude Include="..\libs\ggml\include\ggml-backend.h">
			<Filter>addons\ofxGgml\libs\ggml\include</Filter>
		</ClInclude>
		<ClInclude Include="..\libs\ggml\include\ggml-blas.h">
			<Filter>addons\ofxGgml\libs\ggml\include</Filter>
		</ClInclude>
		<ClInclude Include="..\libs\ggml\include\ggml-cann.h">
			<Filter>addons\ofxGgml\libs\ggml\include</Filter>
		</ClInclude>
		<ClInclude Include="..\libs\ggml\include\ggml-cpp.h">
			<Filter>addons\ofxGgml\libs\ggml\include</Filter>
		</ClInclude>
		<ClInclude Include="..\libs\ggml\include\ggml-cpu.h">
			<Filter>addons\ofxGgml\libs\ggml\include</Filter>
		</ClInclude>
		<ClInclude Include="..\libs\ggml\include\ggml-cuda.h">
			<Filter>addons\ofxGgml\libs\ggml\include</Filter>
		</ClInclude>
		<ClInclude Include="..\libs\ggml\include\ggml-hexagon.h">
			<Filter>addons\ofxGgml\libs\ggml\include</Filter>
		</ClInclude>
		<ClInclude Include="..\libs\ggml\include\ggml-metal.h">
			<Filter>addons\ofxGgml\libs\ggml\include</Filter>
		</ClInclude>
		<ClInclude Include="..\libs\ggml\include\ggml-opencl.h">
			<Filter>addons\ofxGgml\libs\ggml\include</Filter>
		</ClInclude>
		<ClInclude Include="..\libs\ggml\include\ggml-openvino.h">
			<Filter>addons\ofxGgml\libs\ggml\include</Filter>
		</ClInclude>
		<ClInclude Include="..\libs\ggml\include\ggml-opt.h">
			<Filter>addons\ofxGgml\libs\ggml\include</Filter>
		</ClInclude>
		<ClInclude Include="..\libs\ggml\include\ggml-rpc.h">
			<Filter>addons\ofxGgml\libs\ggml\include</Filter>
		</ClInclude>
		<ClInclude Include="..\libs\ggml\include\ggml-sycl.h">
			<Filter>addons\ofxGgml\libs\ggml\include</Filter>
		</ClInclude>
		<ClInclude Include="..\libs\ggml\include\ggml-virtgpu.h">
			<Filter>addons\ofxGgml\libs\ggml\include</Filter>
		</ClInclude>
		<ClInclude Include="..\libs\ggml\include\ggml-vulkan.h">
			<Filter>addons\ofxGgml\libs\ggml\include</Filter>
		</ClInclude>
		<ClInclude Include="..\libs\ggml\include\ggml-webgpu.h">
			<Filter>addons\ofxGgml\libs\ggml\include</Filter>
		</ClInclude>
		<ClInclude Include="..\libs\ggml\include\ggml-zdnn.h">
			<Filter>addons\ofxGgml\libs\ggml\include</Filter>
		</ClInclude>
		<ClInclude Include="..\libs\ggml\include\ggml-zendnn.h">
			<Filter>addons\ofxGgml\libs\ggml\include</Filter>
		</ClInclude>
		<ClInclude Include="..\libs\ggml\include\ggml.h">
			<Filter>addons\ofxGgml\libs\ggml\include</Filter>
		</ClInclude>
		<ClInclude Include="..\libs\ggml\include\gguf.h">
			<Filter>addons\ofxGgml\libs\ggml\include</Filter>
		</ClInclude>
		<ClInclude Include="..\..\ofxImGui\src\BaseEngine.h">
			<Filter>addons\ofxImGui\src</Filter>
		</ClInclude>
		<ClInclude Include="..\..\ofxImGui\src\BaseTheme.h">
			<Filter>addons\ofxImGui\src</Filter>
		</ClInclude>
		<ClInclude Include="..\..\ofxImGui\src\DefaultTheme.h">
			<Filter>addons\ofxImGui\src</Filter>
		</ClInclude>
		<ClInclude Include="..\..\ofxImGui\src\EngineGLFW.h">
			<Filter>addons\ofxImGui\src</Filter>
		</ClInclude>
		<ClInclude Include="..\..\ofxImGui\src\EngineOpenFrameworks.h">
			<Filter>addons\ofxImGui\src</Filter>
		</ClInclude>
		<ClInclude Include="..\..\ofxImGui\src\EngineOpenGLES.h">
			<Filter>addons\ofxImGui\src</Filter>
		</ClInclude>
		<ClInclude Include="..\..\ofxImGui\src\EngineVk.h">
			<Filter>addons\ofxImGui\src</Filter>
		</ClInclude>
		<ClInclude Include="..\..\ofxImGui\src\gles1CompatibilityHacks.h">
			<Filter>addons\ofxImGui\src</Filter>
		</ClInclude>
		<ClInclude Include="..\..\ofxImGui\src\glfwCompatibilityHacks.h">
			<Filter>addons\ofxImGui\src</Filter>
		</ClInclude>
		<ClInclude Include="..\..\ofxImGui\src\Gui.h">
			<Filter>addons\ofxImGui\src</Filter>
		</ClInclude>
		<ClInclude Include="..\..\ofxImGui\src\GuiEventHelper.h">
			<Filter>addons\ofxImGui\src</Filter>
		</ClInclude>
		<ClInclude Include="..\..\ofxImGui\src\imconfig.h">
			<Filter>addons\ofxImGui\src</Filter>
		</ClInclude>
		<ClInclude Include="..\..\ofxImGui\src\ImHelpers.h">
			<Filter>addons\ofxImGui\src</Filter>
		</ClInclude>
		<ClInclude Include="..\..\ofxImGui\src\LinkedList.hpp">
			<Filter>addons\ofxImGui\src</Filter>
		</ClInclude>
		<ClInclude Include="..\..\ofxImGui\src\ofxImGui.h">
			<Filter>addons\ofxImGui\src</Filter>
		</ClInclude>
		<ClInclude Include="..\..\ofxImGui\src\ofxImGuiConstants.h">
			<Filter>addons\ofxImGui\src</Filter>
		</ClInclude>
		<ClInclude Include="..\..\ofxImGui\src\ofxImGuiLoggerChannel.h">
			<Filter>addons\ofxImGui\src</Filter>
		</ClInclude>
		<ClInclude Include="..\..\ofxImGui\libs\imgui\backends\imgui_impl_glfw.h">
			<Filter>addons\ofxImGui\libs\imgui\backends</Filter>
		</ClInclude>
		<ClInclude Include="..\..\ofxImGui\libs\imgui\backends\imgui_impl_glfw_arc_support.h">
			<Filter>addons\ofxImGui\libs\imgui\backends</Filter>
		</ClInclude>
		<ClInclude Include="..\..\ofxImGui\libs\imgui\backends\imgui_impl_glfw_context_support.h">
			<Filter>addons\ofxImGui\libs\imgui\backends</Filter>
		</ClInclude>
		<ClInclude Include="..\..\ofxImGui\libs\imgui\backends\imgui_impl_opengl2.h">
			<Filter>addons\ofxImGui\libs\imgui\backends</Filter>
		</ClInclude>
		<ClInclude Include="..\..\ofxImGui\libs\imgui\backends\imgui_impl_opengl3.h">
			<Filter>addons\ofxImGui\libs\imgui\backends</Filter>
		</ClInclude>
		<ClInclude Include="..\..\ofxImGui\libs\imgui\backends\imgui_impl_opengl3_loader.h">
			<Filter>addons\ofxImGui\libs\imgui\backends</Filter>
		</ClInclude>
		<ClInclude Include="..\..\ofxImGui\libs\imgui\extras\imgui_stdlib.h">
			<Filter>addons\ofxImGui\libs\imgui\extras</Filter>
		</ClInclude>
		<ClInclude Include="..\..\ofxImGui\libs\imgui\src\imgui.h">
			<Filter>addons\ofxImGui\libs\imgui\src</Filter>
		</ClInclude>
		<ClInclude Include="..\..\ofxImGui\libs\imgui\src\imgui_internal.h">
			<Filter>addons\ofxImGui\libs\imgui\src</Filter>
		</ClInclude>
		<ClInclude Include="..\..\ofxImGui\libs\imgui\src\imstb_rectpack.h">
			<Filter>addons\ofxImGui\libs\imgui\src</Filter>
		</ClInclude>
		<ClInclude Include="..\..\ofxImGui\libs\imgui\src\imstb_textedit.h">
			<Filter>addons\ofxImGui\libs\imgui\src</Filter>
		</ClInclude>
		<ClInclude Include="..\..\ofxImGui\libs\imgui\src\imstb_truetype.h">
			<Filter>addons\ofxImGui\libs\imgui\src</Filter>
		</ClInclude>
	</ItemGroup>
	<ItemGroup>
		<ResourceCompile Include="icon.rc" />
	</ItemGroup>
</Project>
